# THIS IS AN AUTOGENERATED FILE. DO NOT EDIT THIS FILE DIRECTLY.
# yarn lockfile v1


"@prisma/engines@3.7.0-31.8746e055198f517658c08a0c426c7eec87f5a85f":
  version "3.7.0-31.8746e055198f517658c08a0c426c7eec87f5a85f"
  resolved "https://registry.yarnpkg.com/@prisma/engines/-/engines-3.7.0-31.8746e055198f517658c08a0c426c7eec87f5a85f.tgz#12f28d5b78519fbd84c89a5bdff457ff5095e7a2"
  integrity sha512-W549ub5NlgexNhR8EFstA/UwAWq3Zq0w9aNkraqsozVCt2CsX+lK4TK7IW5OZVSnxHwRjrgEAt3r9yPy8nZQRg==

prisma@^3.7.0:
  version "3.7.0"
  resolved "https://registry.yarnpkg.com/prisma/-/prisma-3.7.0.tgz#9c73eeb2f16f767fdf523d0f4cc4c749734d62e2"
  integrity sha512-pzgc95msPLcCHqOli7Hnabu/GRfSGSUWl5s2P6N13T/rgMB+NNeKbxCmzQiZT2yLOeLEPivV6YrW1oeQIwJxcg==
  dependencies:
    "@prisma/engines" "3.7.0-31.8746e055198f517658c08a0c426c7eec87f5a85f"
